
Microsoft Visual Studio Solution File, Format Version 12.00
# Visual Studio 2012
Project("{E24C65DC-7377-472B-9ABA-BC803B73C61A}") = "Hoangntph04036", "..\..\WebSites\Hoangntph04036\", "{7087F996-ABE3-4296-A5E8-66BAA8DF1802}"
	ProjectSection(WebsiteProperties) = preProject
		TargetFrameworkMoniker = ".NETFramework,Version%3Dv3.5"
		Debug.AspNetCompiler.VirtualPath = "/Hoangntph04036"
		Debug.AspNetCompiler.PhysicalPath = "..\..\WebSites\Hoangntph04036\"
		Debug.AspNetCompiler.TargetPath = "PrecompiledWeb\Hoangntph04036\"
		Debug.AspNetCompiler.Updateable = "true"
		Debug.AspNetCompiler.ForceOverwrite = "true"
		Debug.AspNetCompiler.FixedNames = "false"
		Debug.AspNetCompiler.Debug = "True"
		Release.AspNetCompiler.VirtualPath = "/Hoangntph04036"
		Release.AspNetCompiler.PhysicalPath = "..\..\WebSites\Hoangntph04036\"
		Release.AspNetCompiler.TargetPath = "PrecompiledWeb\Hoangntph04036\"
		Release.AspNetCompiler.Updateable = "true"
		Release.AspNetCompiler.ForceOverwrite = "true"
		Release.AspNetCompiler.FixedNames = "false"
		Release.AspNetCompiler.Debug = "False"
		VWDPort = "15344"
	EndProjectSection
EndProject
Global
	GlobalSection(SolutionConfigurationPlatforms) = preSolution
		Debug|Any CPU = Debug|Any CPU
	EndGlobalSection
	GlobalSection(ProjectConfigurationPlatforms) = postSolution
		{7087F996-ABE3-4296-A5E8-66BAA8DF1802}.Debug|Any CPU.ActiveCfg = Debug|Any CPU
		{7087F996-ABE3-4296-A5E8-66BAA8DF1802}.Debug|Any CPU.Build.0 = Debug|Any CPU
	EndGlobalSection
	GlobalSection(SolutionProperties) = preSolution
		HideSolutionNode = FALSE
	EndGlobalSection
EndGlobal
